// !$*UTF8*$!
{
	archiveVersion = 1;
	classes = {
	};
	objectVersion = 77;
	objects = {

/* Begin PBXBuildFile section */
		8BF3C5292D0A3FEB0023EE76 /* warrior2.mp4 in Copy Bundle Resources */ = {isa = PBXBuildFile; fileRef = 8BF3C5242D0A3FEA0023EE76 /* warrior2.mp4 */; };
		8BF3C52A2D0A3FEB0023EE76 /* downdog.mp4 in Copy Bundle Resources */ = {isa = PBXBuildFile; fileRef = 8BF3C5252D0A3FEB0023EE76 /* downdog.mp4 */; };
		8BF3C52B2D0A3FEB0023EE76 /* tree.mp4 in Copy Bundle Resources */ = {isa = PBXBuildFile; fileRef = 8BF3C5262D0A3FEB0023EE76 /* tree.mp4 */; };
		8BF3C52C2D0A3FEB0023EE76 /* plank.mp4 in Copy Bundle Resources */ = {isa = PBXBuildFile; fileRef = 8BF3C5272D0A3FEB0023EE76 /* plank.mp4 */; };
		8BF3C52D2D0A3FEB0023EE76 /* goddess.mp4 in Copy Bundle Resources */ = {isa = PBXBuildFile; fileRef = 8BF3C5282D0A3FEB0023EE76 /* goddess.mp4 */; };
		EBE440ED2CF667C400FA4D43 /* ZIPFoundation in Frameworks */ = {isa = PBXBuildFile; productRef = EBE440EC2CF667C400FA4D43 /* ZIPFoundation */; };
/* End PBXBuildFile section */

/* Begin PBXCopyFilesBuildPhase section */
		8BF3C5232D0A3F870023EE76 /* Copy Bundle Resources */ = {
			isa = PBXCopyFilesBuildPhase;
			buildActionMask = 2147483647;
			dstPath = "";
			dstSubfolderSpec = 7;
			files = (
				8BF3C5292D0A3FEB0023EE76 /* warrior2.mp4 in Copy Bundle Resources */,
				8BF3C52A2D0A3FEB0023EE76 /* downdog.mp4 in Copy Bundle Resources */,
				8BF3C52B2D0A3FEB0023EE76 /* tree.mp4 in Copy Bundle Resources */,
				8BF3C52C2D0A3FEB0023EE76 /* plank.mp4 in Copy Bundle Resources */,
				8BF3C52D2D0A3FEB0023EE76 /* goddess.mp4 in Copy Bundle Resources */,
			);
			name = "Copy Bundle Resources";
			runOnlyForDeploymentPostprocessing = 0;
		};
/* End PBXCopyFilesBuildPhase section */

/* Begin PBXFileReference section */
		8BB376BB2CEC2D0C009E86F6 /* Lab-5.app */ = {isa = PBXFileReference; explicitFileType = wrapper.application; includeInIndex = 0; path = "Lab-5.app"; sourceTree = BUILT_PRODUCTS_DIR; };
		8BF3C5242D0A3FEA0023EE76 /* warrior2.mp4 */ = {isa = PBXFileReference; lastKnownFileType = file; path = warrior2.mp4; sourceTree = "<group>"; };
		8BF3C5252D0A3FEB0023EE76 /* downdog.mp4 */ = {isa = PBXFileReference; lastKnownFileType = file; path = downdog.mp4; sourceTree = "<group>"; };
		8BF3C5262D0A3FEB0023EE76 /* tree.mp4 */ = {isa = PBXFileReference; lastKnownFileType = file; path = tree.mp4; sourceTree = "<group>"; };
		8BF3C5272D0A3FEB0023EE76 /* plank.mp4 */ = {isa = PBXFileReference; lastKnownFileType = file; path = plank.mp4; sourceTree = "<group>"; };
		8BF3C5282D0A3FEB0023EE76 /* goddess.mp4 */ = {isa = PBXFileReference; lastKnownFileType = file; path = goddess.mp4; sourceTree = "<group>"; };
/* End PBXFileReference section */

/* Begin PBXFileSystemSynchronizedRootGroup section */
		8BB376BD2CEC2D0C009E86F6 /* Lab-5 */ = {
			isa = PBXFileSystemSynchronizedRootGroup;
			path = "Lab-5";
			sourceTree = "<group>";
		};
/* End PBXFileSystemSynchronizedRootGroup section */

/* Begin PBXFrameworksBuildPhase section */
		8BB376B82CEC2D0C009E86F6 /* Frameworks */ = {
			isa = PBXFrameworksBuildPhase;
			buildActionMask = 2147483647;
			files = (
				EBE440ED2CF667C400FA4D43 /* ZIPFoundation in Frameworks */,
			);
			runOnlyForDeploymentPostprocessing = 0;
		};
/* End PBXFrameworksBuildPhase section */

/* Begin PBXGroup section */
		8BB376B22CEC2D0C009E86F6 = {
			isa = PBXGroup;
			children = (
				8BF3C5252D0A3FEB0023EE76 /* downdog.mp4 */,
				8BF3C5282D0A3FEB0023EE76 /* goddess.mp4 */,
				8BF3C5272D0A3FEB0023EE76 /* plank.mp4 */,
				8BF3C5262D0A3FEB0023EE76 /* tree.mp4 */,
				8BF3C5242D0A3FEA0023EE76 /* warrior2.mp4 */,
				8BF3C5222D0A3EF30023EE76 /* Videos */,
				8BB376BD2CEC2D0C009E86F6 /* Lab-5 */,
				8BB376BC2CEC2D0C009E86F6 /* Products */,
			);
			sourceTree = "<group>";
		};
		8BB376BC2CEC2D0C009E86F6 /* Products */ = {
			isa = PBXGroup;
			children = (
				8BB376BB2CEC2D0C009E86F6 /* Lab-5.app */,
			);
			name = Products;
			sourceTree = "<group>";
		};
		8BF3C5222D0A3EF30023EE76 /* Videos */ = {
			isa = PBXGroup;
			children = (
			);
			path = Videos;
			sourceTree = "<group>";
		};
/* End PBXGroup section */

/* Begin PBXNativeTarget section */
		8BB376BA2CEC2D0C009E86F6 /* Lab-5 */ = {
			isa = PBXNativeTarget;
			buildConfigurationList = 8BB376C92CEC2D0E009E86F6 /* Build configuration list for PBXNativeTarget "Lab-5" */;
			buildPhases = (
				8BB376B72CEC2D0C009E86F6 /* Sources */,
				8BB376B82CEC2D0C009E86F6 /* Frameworks */,
				8BF3C5232D0A3F870023EE76 /* Copy Bundle Resources */,
			);
			buildRules = (
			);
			dependencies = (
			);
			fileSystemSynchronizedGroups = (
				8BB376BD2CEC2D0C009E86F6 /* Lab-5 */,
			);
			name = "Lab-5";
			packageProductDependencies = (
				EBE440EC2CF667C400FA4D43 /* ZIPFoundation */,
			);
			productName = "Lab-5";
			productReference = 8BB376BB2CEC2D0C009E86F6 /* Lab-5.app */;
			productType = "com.apple.product-type.application";
		};
/* End PBXNativeTarget section */

/* Begin PBXProject section */
		8BB376B32CEC2D0C009E86F6 /* Project object */ = {
			isa = PBXProject;
			attributes = {
				BuildIndependentTargetsInParallel = 1;
				LastSwiftUpdateCheck = 1610;
				LastUpgradeCheck = 1610;
				TargetAttributes = {
					8BB376BA2CEC2D0C009E86F6 = {
						CreatedOnToolsVersion = 16.1;
					};
				};
			};
			buildConfigurationList = 8BB376B62CEC2D0C009E86F6 /* Build configuration list for PBXProject "Lab-5" */;
			developmentRegion = en;
			hasScannedForEncodings = 0;
			knownRegions = (
				en,
				Base,
			);
			mainGroup = 8BB376B22CEC2D0C009E86F6;
			minimizedProjectReferenceProxies = 1;
			packageReferences = (
				EBE440EB2CF667C400FA4D43 /* XCRemoteSwiftPackageReference "ZIPFoundation" */,
			);
			preferredProjectObjectVersion = 77;
			productRefGroup = 8BB376BC2CEC2D0C009E86F6 /* Products */;
			projectDirPath = "";
			projectRoot = "";
			targets = (
				8BB376BA2CEC2D0C009E86F6 /* Lab-5 */,
			);
		};
/* End PBXProject section */

/* Begin PBXSourcesBuildPhase section */
		8BB376B72CEC2D0C009E86F6 /* Sources */ = {
			isa = PBXSourcesBuildPhase;
			buildActionMask = 2147483647;
			files = (
			);
			runOnlyForDeploymentPostprocessing = 0;
		};
/* End PBXSourcesBuildPhase section */

/* Begin XCBuildConfiguration section */
		8BB376C72CEC2D0E009E86F6 /* Debug */ = {
			isa = XCBuildConfiguration;
			buildSettings = {
				ALWAYS_SEARCH_USER_PATHS = NO;
				ASSETCATALOG_COMPILER_GENERATE_SWIFT_ASSET_SYMBOL_EXTENSIONS = YES;
				CLANG_ANALYZER_NONNULL = YES;
				CLANG_ANALYZER_NUMBER_OBJECT_CONVERSION = YES_AGGRESSIVE;
				CLANG_CXX_LANGUAGE_STANDARD = "gnu++20";
				CLANG_ENABLE_MODULES = YES;
				CLANG_ENABLE_OBJC_ARC = YES;
				CLANG_ENABLE_OBJC_WEAK = YES;
				CLANG_WARN_BLOCK_CAPTURE_AUTORELEASING = YES;
				CLANG_WARN_BOOL_CONVERSION = YES;
				CLANG_WARN_COMMA = YES;
				CLANG_WARN_CONSTANT_CONVERSION = YES;
				CLANG_WARN_DEPRECATED_OBJC_IMPLEMENTATIONS = YES;
				CLANG_WARN_DIRECT_OBJC_ISA_USAGE = YES_ERROR;
				CLANG_WARN_DOCUMENTATION_COMMENTS = YES;
				CLANG_WARN_EMPTY_BODY = YES;
				CLANG_WARN_ENUM_CONVERSION = YES;
				CLANG_WARN_INFINITE_RECURSION = YES;
				CLANG_WARN_INT_CONVERSION = YES;
				CLANG_WARN_NON_LITERAL_NULL_CONVERSION = YES;
				CLANG_WARN_OBJC_IMPLICIT_RETAIN_SELF = YES;
				CLANG_WARN_OBJC_LITERAL_CONVERSION = YES;
				CLANG_WARN_OBJC_ROOT_CLASS = YES_ERROR;
				CLANG_WARN_QUOTED_INCLUDE_IN_FRAMEWORK_HEADER = YES;
				CLANG_WARN_RANGE_LOOP_ANALYSIS = YES;
				CLANG_WARN_STRICT_PROTOTYPES = YES;
				CLANG_WARN_SUSPICIOUS_MOVE = YES;
				CLANG_WARN_UNGUARDED_AVAILABILITY = YES_AGGRESSIVE;
				CLANG_WARN_UNREACHABLE_CODE = YES;
				CLANG_WARN__DUPLICATE_METHOD_MATCH = YES;
				COPY_PHASE_STRIP = NO;
				DEBUG_INFORMATION_FORMAT = dwarf;
				ENABLE_STRICT_OBJC_MSGSEND = YES;
				ENABLE_TESTABILITY = YES;
				ENABLE_USER_SCRIPT_SANDBOXING = YES;
				GCC_C_LANGUAGE_STANDARD = gnu17;
				GCC_DYNAMIC_NO_PIC = NO;
				GCC_NO_COMMON_BLOCKS = YES;
				GCC_OPTIMIZATION_LEVEL = 0;
				GCC_PREPROCESSOR_DEFINITIONS = (
					"DEBUG=1",
					"$(inherited)",
				);
				GCC_WARN_64_TO_32_BIT_CONVERSION = YES;
				GCC_WARN_ABOUT_RETURN_TYPE = YES_ERROR;
				GCC_WARN_UNDECLARED_SELECTOR = YES;
				GCC_WARN_UNINITIALIZED_AUTOS = YES_AGGRESSIVE;
				GCC_WARN_UNUSED_FUNCTION = YES;
				GCC_WARN_UNUSED_VARIABLE = YES;
				IPHONEOS_DEPLOYMENT_TARGET = 18.1;
				LOCALIZATION_PREFERS_STRING_CATALOGS = YES;
				MTL_ENABLE_DEBUG_INFO = INCLUDE_SOURCE;
				MTL_FAST_MATH = YES;
				ONLY_ACTIVE_ARCH = YES;
				SDKROOT = iphoneos;
				SWIFT_ACTIVE_COMPILATION_CONDITIONS = "DEBUG $(inherited)";
				SWIFT_OPTIMIZATION_LEVEL = "-Onone";
			};
			name = Debug;
		};
		8BB376C82CEC2D0E009E86F6 /* Release */ = {
			isa = XCBuildConfiguration;
			buildSettings = {
				ALWAYS_SEARCH_USER_PATHS = NO;
				ASSETCATALOG_COMPILER_GENERATE_SWIFT_ASSET_SYMBOL_EXTENSIONS = YES;
				CLANG_ANALYZER_NONNULL = YES;
				CLANG_ANALYZER_NUMBER_OBJECT_CONVERSION = YES_AGGRESSIVE;
				CLANG_CXX_LANGUAGE_STANDARD = "gnu++20";
				CLANG_ENABLE_MODULES = YES;
				CLANG_ENABLE_OBJC_ARC = YES;
				CLANG_ENABLE_OBJC_WEAK = YES;
				CLANG_WARN_BLOCK_CAPTURE_AUTORELEASING = YES;
				CLANG_WARN_BOOL_CONVERSION = YES;
				CLANG_WARN_COMMA = YES;
				CLANG_WARN_CONSTANT_CONVERSION = YES;
				CLANG_WARN_DEPRECATED_OBJC_IMPLEMENTATIONS = YES;
				CLANG_WARN_DIRECT_OBJC_ISA_USAGE = YES_ERROR;
				CLANG_WARN_DOCUMENTATION_COMMENTS = YES;
				CLANG_WARN_EMPTY_BODY = YES;
				CLANG_WARN_ENUM_CONVERSION = YES;
				CLANG_WARN_INFINITE_RECURSION = YES;
				CLANG_WARN_INT_CONVERSION = YES;
				CLANG_WARN_NON_LITERAL_NULL_CONVERSION = YES;
				CLANG_WARN_OBJC_IMPLICIT_RETAIN_SELF = YES;
				CLANG_WARN_OBJC_LITERAL_CONVERSION = YES;
				CLANG_WARN_OBJC_ROOT_CLASS = YES_ERROR;
				CLANG_WARN_QUOTED_INCLUDE_IN_FRAMEWORK_HEADER = YES;
				CLANG_WARN_RANGE_LOOP_ANALYSIS = YES;
				CLANG_WARN_STRICT_PROTOTYPES = YES;
				CLANG_WARN_SUSPICIOUS_MOVE = YES;
				CLANG_WARN_UNGUARDED_AVAILABILITY = YES_AGGRESSIVE;
				CLANG_WARN_UNREACHABLE_CODE = YES;
				CLANG_WARN__DUPLICATE_METHOD_MATCH = YES;
				COPY_PHASE_STRIP = NO;
				DEBUG_INFORMATION_FORMAT = "dwarf-with-dsym";
				ENABLE_NS_ASSERTIONS = NO;
				ENABLE_STRICT_OBJC_MSGSEND = YES;
				ENABLE_USER_SCRIPT_SANDBOXING = YES;
				GCC_C_LANGUAGE_STANDARD = gnu17;
				GCC_NO_COMMON_BLOCKS = YES;
				GCC_WARN_64_TO_32_BIT_CONVERSION = YES;
				GCC_WARN_ABOUT_RETURN_TYPE = YES_ERROR;
				GCC_WARN_UNDECLARED_SELECTOR = YES;
				GCC_WARN_UNINITIALIZED_AUTOS = YES_AGGRESSIVE;
				GCC_WARN_UNUSED_FUNCTION = YES;
				GCC_WARN_UNUSED_VARIABLE = YES;
				IPHONEOS_DEPLOYMENT_TARGET = 18.1;
				LOCALIZATION_PREFERS_STRING_CATALOGS = YES;
				MTL_ENABLE_DEBUG_INFO = NO;
				MTL_FAST_MATH = YES;
				SDKROOT = iphoneos;
				SWIFT_COMPILATION_MODE = wholemodule;
				VALIDATE_PRODUCT = YES;
			};
			name = Release;
		};
		8BB376CA2CEC2D0E009E86F6 /* Debug */ = {
			isa = XCBuildConfiguration;
			buildSettings = {
				ASSETCATALOG_COMPILER_APPICON_NAME = AppIcon;
				ASSETCATALOG_COMPILER_GLOBAL_ACCENT_COLOR_NAME = AccentColor;
				CODE_SIGN_STYLE = Automatic;
				CURRENT_PROJECT_VERSION = 1;
				DEVELOPMENT_ASSET_PATHS = "\"Lab-5/Preview Content\"";
				DEVELOPMENT_TEAM = R7F5S3W42K;
				ENABLE_PREVIEWS = YES;
				GENERATE_INFOPLIST_FILE = YES;
				INFOPLIST_FILE = "Lab-5/Info.plist";
				INFOPLIST_KEY_NSCameraUsageDescription = "We need access to your camera to provide live pose feedback.";
				INFOPLIST_KEY_UIApplicationSceneManifest_Generation = YES;
				INFOPLIST_KEY_UIApplicationSupportsIndirectInputEvents = YES;
				INFOPLIST_KEY_UILaunchScreen_Generation = YES;
				INFOPLIST_KEY_UILaunchStoryboardName = LaunchScreen;
				INFOPLIST_KEY_UISupportedInterfaceOrientations = "UIInterfaceOrientationPortrait UIInterfaceOrientationLandscapeLeft UIInterfaceOrientationLandscapeRight";
				INFOPLIST_KEY_UISupportedInterfaceOrientations_iPad = "UIInterfaceOrientationPortrait UIInterfaceOrientationPortraitUpsideDown UIInterfaceOrientationLandscapeLeft UIInterfaceOrientationLandscapeRight";
				INFOPLIST_KEY_UISupportedInterfaceOrientations_iPhone = "UIInterfaceOrientationPortrait UIInterfaceOrientationLandscapeLeft UIInterfaceOrientationLandscapeRight";
				LD_RUNPATH_SEARCH_PATHS = (
					"$(inherited)",
					"@executable_path/Frameworks",
				);
				MARKETING_VERSION = 1.0;
				PRODUCT_BUNDLE_IDENTIFIER = AshSMU.FinalP;
				PRODUCT_NAME = "$(TARGET_NAME)";
				SWIFT_EMIT_LOC_STRINGS = YES;
				SWIFT_VERSION = 5.0;
				TARGETED_DEVICE_FAMILY = "1,2";
			};
			name = Debug;
		};
		8BB376CB2CEC2D0E009E86F6 /* Release */ = {
			isa = XCBuildConfiguration;
			buildSettings = {
				ASSETCATALOG_COMPILER_APPICON_NAME = AppIcon;
				ASSETCATALOG_COMPILER_GLOBAL_ACCENT_COLOR_NAME = AccentColor;
				CODE_SIGN_STYLE = Automatic;
				CURRENT_PROJECT_VERSION = 1;
				DEVELOPMENT_ASSET_PATHS = "\"Lab-5/Preview Content\"";
				DEVELOPMENT_TEAM = R7F5S3W42K;
				ENABLE_PREVIEWS = YES;
				GENERATE_INFOPLIST_FILE = YES;
				INFOPLIST_FILE = "Lab-5/Info.plist";
				INFOPLIST_KEY_NSCameraUsageDescription = "We need access to your camera to provide live pose feedback.";
				INFOPLIST_KEY_UIApplicationSceneManifest_Generation = YES;
				INFOPLIST_KEY_UIApplicationSupportsIndirectInputEvents = YES;
				INFOPLIST_KEY_UILaunchScreen_Generation = YES;
				INFOPLIST_KEY_UILaunchStoryboardName = LaunchScreen;
				INFOPLIST_KEY_UISupportedInterfaceOrientations = "UIInterfaceOrientationPortrait UIInterfaceOrientationLandscapeLeft UIInterfaceOrientationLandscapeRight";
				INFOPLIST_KEY_UISupportedInterfaceOrientations_iPad = "UIInterfaceOrientationPortrait UIInterfaceOrientationPortraitUpsideDown UIInterfaceOrientationLandscapeLeft UIInterfaceOrientationLandscapeRight";
				INFOPLIST_KEY_UISupportedInterfaceOrientations_iPhone = "UIInterfaceOrientationPortrait UIInterfaceOrientationLandscapeLeft UIInterfaceOrientationLandscapeRight";
				LD_RUNPATH_SEARCH_PATHS = (
					"$(inherited)",
					"@executable_path/Frameworks",
				);
				MARKETING_VERSION = 1.0;
				PRODUCT_BUNDLE_IDENTIFIER = AshSMU.FinalP;
				PRODUCT_NAME = "$(TARGET_NAME)";
				SWIFT_EMIT_LOC_STRINGS = YES;
				SWIFT_VERSION = 5.0;
				TARGETED_DEVICE_FAMILY = "1,2";
			};
			name = Release;
		};
/* End XCBuildConfiguration section */

/* Begin XCConfigurationList section */
		8BB376B62CEC2D0C009E86F6 /* Build configuration list for PBXProject "Lab-5" */ = {
			isa = XCConfigurationList;
			buildConfigurations = (
				8BB376C72CEC2D0E009E86F6 /* Debug */,
				8BB376C82CEC2D0E009E86F6 /* Release */,
			);
			defaultConfigurationIsVisible = 0;
			defaultConfigurationName = Release;
		};
		8BB376C92CEC2D0E009E86F6 /* Build configuration list for PBXNativeTarget "Lab-5" */ = {
			isa = XCConfigurationList;
			buildConfigurations = (
				8BB376CA2CEC2D0E009E86F6 /* Debug */,
				8BB376CB2CEC2D0E009E86F6 /* Release */,
			);
			defaultConfigurationIsVisible = 0;
			defaultConfigurationName = Release;
		};
/* End XCConfigurationList section */

/* Begin XCRemoteSwiftPackageReference section */
		EBE440EB2CF667C400FA4D43 /* XCRemoteSwiftPackageReference "ZIPFoundation" */ = {
			isa = XCRemoteSwiftPackageReference;
			repositoryURL = "https://github.com/weichsel/ZIPFoundation";
			requirement = {
				kind = upToNextMajorVersion;
				minimumVersion = 0.9.19;
			};
		};
/* End XCRemoteSwiftPackageReference section */

/* Begin XCSwiftPackageProductDependency section */
		EBE440EC2CF667C400FA4D43 /* ZIPFoundation */ = {
			isa = XCSwiftPackageProductDependency;
			package = EBE440EB2CF667C400FA4D43 /* XCRemoteSwiftPackageReference "ZIPFoundation" */;
			productName = ZIPFoundation;
		};
/* End XCSwiftPackageProductDependency section */
	};
	rootObject = 8BB376B32CEC2D0C009E86F6 /* Project object */;
}
